github.com/coreos/go-systemd/v22 v22.5.0/go.mod h1:Y58oyj3AT4RCenI/lSvhwexgC+NSVTIJ3seZv2GcEnc=
github.com/creack/pty v1.1.9/go.mod h1:oKZEueFk5CKHvIhNR5MUki03XCEU+Q6VDXinZuGJ33E=
github.com/godbus/dbus/v5 v5.0.4/go.mod h1:xhWf0FNVPg57R7Z0UbKHbJfkEywrmjJnf7w5xrFpKfA=
github.com/kr/pretty v0.3.1 h1:flRD4NNwYAUpkphVc1HcthR4KEIFJ65n8Mw5qdRn3LE=
github.com/kr/pretty v0.3.1/go.mod h1:hoEshYVHaxMs3cyo3Yncou5ZscifuDolrwPKZanG3xk=
github.com/kr/text v0.2.0 h1:5Nx0Ya0ZqY2ygV366QzturHI13Jq95ApcVaJBhpS+AY=
github.com/kr/text v0.2.0/go.mod h1:eLer722TekiGuMkidMxC/pM04lWEeraHUUmBw8l2grE=
github.com/mattn/go-colorable v0.1.12 h1:jF+Du6AlPIjs2BiUiQlKOX0rt3SujHxPnksPKZbaA40=
github.com/mattn/go-colorable v0.1.12/go.mod h1:u5H1YNBxpqRaxsYJYSkiCWKzEfiAb1Gb520KVy5xxl4=
github.com/mattn/go-isatty v0.0.14 h1:yVuAays6BHfxijgZPzw+3Zlu5yQgKGP2/hcQbHb7S9Y=
github.com/mattn/go-isatty v0.0.14/go.mod h1:7GGIvUiUoEMVVmxf/4nioHXj79iQHKdU27kJ6hsGG94=
github.com/pkg/diff v0.0.0-20210226163009-20ebb0f2a09e/go.mod h1:pJLUxLENpZxwdsKMEsNbx1VGcRFpLqf3715MtcvvzbA=
github.com/pkg/errors v0.9.1/go.mod h1:bwawxfHBFNV+L2hUp1rHADufV3IMtnDRdf1r5NINEl0=
github.com/rogpeppe/go-internal v1.9.0 h1:73kH8U+JUqXU8lRuOHeVHaa/SZPifC7BkcraZVejAe8=
github.com/rogpeppe/go-internal v1.9.0/go.mod h1:WtVeX8xhTBvf0smdhujwtBcq4Qrzq/fJaraNFVN+nFs=
github.com/rs/xid v1.4.0/go.mod h1:trrq9SKmegXys3aeAKXMUTdJsYXVwGY3RLcfgqegfbg=
github.com/rs/zerolog v1.29.1 h1:cO+d60CHkknCbvzEWxP0S9K6KqyTjrCNUy1LdQLCGPc=
github.com/rs/zerolog v1.29.1/go.mod h1:Le6ESbR7hc+DP6Lt1THiV8CQSdkkNrd3R0XbEgp3ZBU=
github.com/vault-thirteen/VCS v0.3.2 h1:v95VS9Tr6Ph6TnI0nvmPbI48uHw7Tj3KmkXNnnHXbjE=
github.com/vault-thirteen/VCS v0.3.2/go.mod h1:KgMCMMS3otestgTYX7MmJ+8GlwFQvikGgdyq5K7jOlI=
github.com/vault-thirteen/Versioneer v0.6.2 h1:b/8v+U0G4m7ii14296V6/wRRJaExSooSdIV8WtAfZrM=
github.com/vault-thirteen/Versioneer v0.6.2/go.mod h1:lIn2aEw9RqeJ1GxRVKUrOPb4wLffLowVNYoU0oYR24c=
github.com/vault-thirteen/auxie v0.12.5 h1:zCr7IoYyqULzjJXFfzC8FC4rCPR3JyANvwAE+MASQhM=
github.com/vault-thirteen/auxie v0.12.5/go.mod h1:cXiLlO2Hp1Du7fweVqE+LnBf+Xg8lPoz9iee3EobIW8=
github.com/vault-thirteen/errorz v1.1.0 h1:ul4UsZfQWy5p6DZ4bAclQ14I/bm9YnGfAg3q++v5zxg=
github.com/vault-thirteen/errorz v1.1.0/go.mod h1:EEqZH4OZWTXG14ZZSPFI7nzDqVMwWljDybNB9oY1zec=
github.com/vault-thirteen/header v1.2.0 h1:uhjcjrky1C1PfTMrZ8wzsWUggK3EnLeLls9X8rOL0T4=
github.com/vault-thirteen/header v1.2.0/go.mod h1:aoucRD0ranRxbyb+bv4iU/OCiSNAMmYYNMmTOj/wF4w=
github.com/vault-thirteen/tester v1.1.0 h1:Fi2SHMjrNuAbUzbvnuKkh1uoaIxMvVNCU6WB3rpviHk=
golang.org/x/sys v0.0.0-20210630005230-0f9fa26af87c/go.mod h1:oPkhp1MJrh7nUepCBck5+mAzfO9JrbApNNgaTdGDITg=
golang.org/x/sys v0.0.0-20210927094055-39ccf1dd6fa6/go.mod h1:oPkhp1MJrh7nUepCBck5+mAzfO9JrbApNNgaTdGDITg=
golang.org/x/sys v0.1.0 h1:kunALQeHf1/185U1i0GOB/fy1IPRDDpuoOOqRReG57U=
golang.org/x/sys v0.1.0/go.mod h1:oPkhp1MJrh7nUepCBck5+mAzfO9JrbApNNgaTdGDITg=
golang.org/x/time v0.3.0 h1:rg5rLMjNzMS1RkNLzCG38eapWhnYLFYXDXj2gOlr8j4=
golang.org/x/time v0.3.0/go.mod h1:tRJNPiyCQ0inRvYxbN9jk5I+vvW/OXSQhTDSoE431IQ=
